
Microsoft Visual Studio Solution File, Format Version 12.00
# Visual Studio 15
VisualStudioVersion = 15.0.28307.1145
MinimumVisualStudioVersion = 10.0.40219.1
Project("{A0786B88-2ADB-4C21-ABE8-AA2D79766269}") = "STM", "STM.phpproj", "{C9900B70-5DEA-4D17-A2EC-140A1C90CF6A}"
EndProject
Global
	GlobalSection(SolutionConfigurationPlatforms) = preSolution
		Debug|Any CPU = Debug|Any CPU
		Release|Any CPU = Release|Any CPU
	EndGlobalSection
	GlobalSection(ProjectConfigurationPlatforms) = postSolution
		{C9900B70-5DEA-4D17-A2EC-140A1C90CF6A}.Debug|Any CPU.ActiveCfg = Debug|Any CPU
		{C9900B70-5DEA-4D17-A2EC-140A1C90CF6A}.Release|Any CPU.ActiveCfg = Release|Any CPU
	EndGlobalSection
	GlobalSection(SolutionProperties) = preSolution
		HideSolutionNode = FALSE
	EndGlobalSection
	GlobalSection(ExtensibilityGlobals) = postSolution
		SolutionGuid = {24E0D389-BF26-4D3D-A925-9F38C214074F}
	EndGlobalSection
EndGlobal
